// !$*UTF8*$!
{
	archiveVersion = 1;
	classes = {
	};
	objectVersion = 56;
	objects = {

/* Begin PBXBuildFile section */
		92005FC629B1A49400586063 /* AppDelegate.swift in Sources */ = {isa = PBXBuildFile; fileRef = 92005FC529B1A49400586063 /* AppDelegate.swift */; };
		92005FC829B1A49400586063 /* SceneDelegate.swift in Sources */ = {isa = PBXBuildFile; fileRef = 92005FC729B1A49400586063 /* SceneDelegate.swift */; };
		92005FCA29B1A49400586063 /* ViewController.swift in Sources */ = {isa = PBXBuildFile; fileRef = 92005FC929B1A49400586063 /* ViewController.swift */; };
		92005FCF29B1A49500586063 /* Assets.xcassets in Resources */ = {isa = PBXBuildFile; fileRef = 92005FCE29B1A49500586063 /* Assets.xcassets */; };
		92005FD229B1A49500586063 /* LaunchScreen.storyboard in Resources */ = {isa = PBXBuildFile; fileRef = 92005FD029B1A49500586063 /* LaunchScreen.storyboard */; };
		92005FDD29B1A49600586063 /* WorkoutDoneTests.swift in Sources */ = {isa = PBXBuildFile; fileRef = 92005FDC29B1A49600586063 /* WorkoutDoneTests.swift */; };
		92005FE729B1A49600586063 /* WorkoutDoneUITests.swift in Sources */ = {isa = PBXBuildFile; fileRef = 92005FE629B1A49600586063 /* WorkoutDoneUITests.swift */; };
		92005FE929B1A49600586063 /* WorkoutDoneUITestsLaunchTests.swift in Sources */ = {isa = PBXBuildFile; fileRef = 92005FE829B1A49600586063 /* WorkoutDoneUITestsLaunchTests.swift */; };
		92005FF729B1A4C700586063 /* SnapKit in Frameworks */ = {isa = PBXBuildFile; productRef = 92005FF629B1A4C700586063 /* SnapKit */; };
		92005FFA29B1A4D800586063 /* Then in Frameworks */ = {isa = PBXBuildFile; productRef = 92005FF929B1A4D800586063 /* Then */; };
		92005FFD29B1A51F00586063 /* RxCocoa in Frameworks */ = {isa = PBXBuildFile; productRef = 92005FFC29B1A51F00586063 /* RxCocoa */; };
		92005FFF29B1A51F00586063 /* RxRelay in Frameworks */ = {isa = PBXBuildFile; productRef = 92005FFE29B1A51F00586063 /* RxRelay */; };
		9200600129B1A51F00586063 /* RxSwift in Frameworks */ = {isa = PBXBuildFile; productRef = 9200600029B1A51F00586063 /* RxSwift */; };
		9200600429B1A53A00586063 /* DeviceKit in Frameworks */ = {isa = PBXBuildFile; productRef = 9200600329B1A53A00586063 /* DeviceKit */; };
		9200600729B1A55A00586063 /* Realm in Frameworks */ = {isa = PBXBuildFile; productRef = 9200600629B1A55A00586063 /* Realm */; };
		9200600929B1A55A00586063 /* RealmSwift in Frameworks */ = {isa = PBXBuildFile; productRef = 9200600829B1A55A00586063 /* RealmSwift */; };
		9200601D29B1A74300586063 /* OnboardingViewController.swift in Sources */ = {isa = PBXBuildFile; fileRef = 9200601C29B1A74300586063 /* OnboardingViewController.swift */; };
		9200602429B1A7CC00586063 /* BaseViewController.swift in Sources */ = {isa = PBXBuildFile; fileRef = 9200602329B1A7CC00586063 /* BaseViewController.swift */; };
		9200602729B1A7F400586063 /* UIColor.swift in Sources */ = {isa = PBXBuildFile; fileRef = 9200602629B1A7F400586063 /* UIColor.swift */; };
		9200602A29B1A81100586063 /* UIFont.swift in Sources */ = {isa = PBXBuildFile; fileRef = 9200602929B1A81100586063 /* UIFont.swift */; };
		9200602D29B1A91600586063 /* OnboardingCell.swift in Sources */ = {isa = PBXBuildFile; fileRef = 9200602C29B1A91600586063 /* OnboardingCell.swift */; };
		9200603729B1A9A600586063 /* Pretendard-SemiBold.ttf in Resources */ = {isa = PBXBuildFile; fileRef = 9200602E29B1A9A500586063 /* Pretendard-SemiBold.ttf */; };
		9200603829B1A9A600586063 /* Pretendard-ExtraBold.ttf in Resources */ = {isa = PBXBuildFile; fileRef = 9200602F29B1A9A600586063 /* Pretendard-ExtraBold.ttf */; };
		9200603929B1A9A600586063 /* Pretendard-Thin.ttf in Resources */ = {isa = PBXBuildFile; fileRef = 9200603029B1A9A600586063 /* Pretendard-Thin.ttf */; };
		9200603A29B1A9A600586063 /* Pretendard-Medium.ttf in Resources */ = {isa = PBXBuildFile; fileRef = 9200603129B1A9A600586063 /* Pretendard-Medium.ttf */; };
		9200603B29B1A9A600586063 /* Pretendard-Black.ttf in Resources */ = {isa = PBXBuildFile; fileRef = 9200603229B1A9A600586063 /* Pretendard-Black.ttf */; };
		9200603C29B1A9A600586063 /* Pretendard-Bold.ttf in Resources */ = {isa = PBXBuildFile; fileRef = 9200603329B1A9A600586063 /* Pretendard-Bold.ttf */; };
		9200603D29B1A9A600586063 /* Pretendard-ExtraLight.ttf in Resources */ = {isa = PBXBuildFile; fileRef = 9200603429B1A9A600586063 /* Pretendard-ExtraLight.ttf */; };
		9200603E29B1A9A600586063 /* Pretendard-Light.ttf in Resources */ = {isa = PBXBuildFile; fileRef = 9200603529B1A9A600586063 /* Pretendard-Light.ttf */; };
		9200603F29B1A9A600586063 /* Pretendard-Regular.ttf in Resources */ = {isa = PBXBuildFile; fileRef = 9200603629B1A9A600586063 /* Pretendard-Regular.ttf */; };
		9200604329B1ACBF00586063 /* RecordView.swift in Sources */ = {isa = PBXBuildFile; fileRef = 9200604229B1ACBF00586063 /* RecordView.swift */; };
		9200604529B1ACD900586063 /* WorkoutView.swift in Sources */ = {isa = PBXBuildFile; fileRef = 9200604429B1ACD900586063 /* WorkoutView.swift */; };
		9200604729B1ACF400586063 /* WorkoutResultView.swift in Sources */ = {isa = PBXBuildFile; fileRef = 9200604629B1ACF400586063 /* WorkoutResultView.swift */; };
		9200604929B1AD7200586063 /* HomeViewController.swift in Sources */ = {isa = PBXBuildFile; fileRef = 9200604829B1AD7200586063 /* HomeViewController.swift */; };
		9200604B29B1ADA500586063 /* BaseUIView.swift in Sources */ = {isa = PBXBuildFile; fileRef = 9200604A29B1ADA500586063 /* BaseUIView.swift */; };
		920060CF29B37C9F00586063 /* GradientButton.swift in Sources */ = {isa = PBXBuildFile; fileRef = 920060CE29B37C9F00586063 /* GradientButton.swift */; };
		920060E029B63C0D00586063 /* TestViewController.swift in Sources */ = {isa = PBXBuildFile; fileRef = 920060DF29B63C0C00586063 /* TestViewController.swift */; };
		920060E229B63C1500586063 /* CalendarView.swift in Sources */ = {isa = PBXBuildFile; fileRef = 920060E129B63C1500586063 /* CalendarView.swift */; };
		920060E429B71D7400586063 /* DayCell.swift in Sources */ = {isa = PBXBuildFile; fileRef = 920060E329B71D7400586063 /* DayCell.swift */; };
		9204827F29FF0D230015A02F /* FrameImageViewModel.swift in Sources */ = {isa = PBXBuildFile; fileRef = 9204827E29FF0D230015A02F /* FrameImageViewModel.swift */; };
		924E56B229CCB9EA00AA73A2 /* GridToggleButton.swift in Sources */ = {isa = PBXBuildFile; fileRef = 924E56B129CCB9EA00AA73A2 /* GridToggleButton.swift */; };
		9264A58229B8735C0010856F /* UserDefaultsManager.swift in Sources */ = {isa = PBXBuildFile; fileRef = 9264A58129B8735C0010856F /* UserDefaultsManager.swift */; };
		9264A58429BA22FE0010856F /* DayOfTheWeekCell.swift in Sources */ = {isa = PBXBuildFile; fileRef = 9264A58329BA22FE0010856F /* DayOfTheWeekCell.swift */; };
		9264A5EC29C4B0610010856F /* HomeButtonCameraViewController.swift in Sources */ = {isa = PBXBuildFile; fileRef = 9264A5EB29C4B0610010856F /* HomeButtonCameraViewController.swift */; };
		9264A5EE29C550220010856F /* FrameCell.swift in Sources */ = {isa = PBXBuildFile; fileRef = 9264A5ED29C550220010856F /* FrameCell.swift */; };
		926DBC9229DDC905007BE22A /* PressShutterViewController.swift in Sources */ = {isa = PBXBuildFile; fileRef = 926DBC9129DDC905007BE22A /* PressShutterViewController.swift */; };
		926DBC9429DEA31C007BE22A /* SaveImageToastMessageView.swift in Sources */ = {isa = PBXBuildFile; fileRef = 926DBC9329DEA31C007BE22A /* SaveImageToastMessageView.swift */; };
		92DCF3EC29CDB38300F90002 /* BackButton.swift in Sources */ = {isa = PBXBuildFile; fileRef = 92DCF3EB29CDB38300F90002 /* BackButton.swift */; };
		92DCF47A29D0818A00F90002 /* WorkOutDoneData.swift in Sources */ = {isa = PBXBuildFile; fileRef = 92DCF47929D0818A00F90002 /* WorkOutDoneData.swift */; };
		92DCF47E29D0830B00F90002 /* FrameImage.swift in Sources */ = {isa = PBXBuildFile; fileRef = 92DCF47D29D0830B00F90002 /* FrameImage.swift */; };
		92DCF48029D0846B00F90002 /* BodyInfo.swift in Sources */ = {isa = PBXBuildFile; fileRef = 92DCF47F29D0846B00F90002 /* BodyInfo.swift */; };
		92DCF4D229D1B64100F90002 /* FrameCategoryCell.swift in Sources */ = {isa = PBXBuildFile; fileRef = 92DCF4D129D1B64100F90002 /* FrameCategoryCell.swift */; };
		92DCF4D429D1B66F00F90002 /* ImageCell.swift in Sources */ = {isa = PBXBuildFile; fileRef = 92DCF4D329D1B66F00F90002 /* ImageCell.swift */; };
		92DCF54229D5B41700F90002 /* MonthHeaderView.swift in Sources */ = {isa = PBXBuildFile; fileRef = 92DCF54129D5B41700F90002 /* MonthHeaderView.swift */; };
		92DCF54A29D6BD8200F90002 /* SortButtonCell.swift in Sources */ = {isa = PBXBuildFile; fileRef = 92DCF54929D6BD8200F90002 /* SortButtonCell.swift */; };
		92DCF54C29D6D15600F90002 /* FrameHeaderView.swift in Sources */ = {isa = PBXBuildFile; fileRef = 92DCF54B29D6D15600F90002 /* FrameHeaderView.swift */; };
		92DCF55A29D878FB00F90002 /* GalleryDetailViewController.swift in Sources */ = {isa = PBXBuildFile; fileRef = 92DCF55929D878FB00F90002 /* GalleryDetailViewController.swift */; };
		92DCF61229DCAE3D00F90002 /* GridView.swift in Sources */ = {isa = PBXBuildFile; fileRef = 92DCF61129DCAE3D00F90002 /* GridView.swift */; };
		A52573EA29EDB8A9004FBAC0 /* UIView.swift in Sources */ = {isa = PBXBuildFile; fileRef = A52573E929EDB8A9004FBAC0 /* UIView.swift */; };
		A52573EC29EDB928004FBAC0 /* UIStackView.swift in Sources */ = {isa = PBXBuildFile; fileRef = A52573EB29EDB928004FBAC0 /* UIStackView.swift */; };
		A52573EE29EDB9B9004FBAC0 /* ViewModelType.swift in Sources */ = {isa = PBXBuildFile; fileRef = A52573ED29EDB9B9004FBAC0 /* ViewModelType.swift */; };
		A52573F529F2F478004FBAC0 /* PhotoGalleryViewController.swift in Sources */ = {isa = PBXBuildFile; fileRef = A52573F429F2F478004FBAC0 /* PhotoGalleryViewController.swift */; };
		A54C485E29FF9FB1004CEE3D /* RealmManager.swift in Sources */ = {isa = PBXBuildFile; fileRef = A54C485D29FF9FB1004CEE3D /* RealmManager.swift */; };
		A54C486129FFA176004CEE3D /* HomeButtonLessPhotoFrameTypeViewController.swift in Sources */ = {isa = PBXBuildFile; fileRef = A54C486029FFA176004CEE3D /* HomeButtonLessPhotoFrameTypeViewController.swift */; };
		A54C486329FFA1A0004CEE3D /* HomeButtonPhotoFrameTypeViewController.swift in Sources */ = {isa = PBXBuildFile; fileRef = A54C486229FFA1A0004CEE3D /* HomeButtonPhotoFrameTypeViewController.swift */; };
		A5550A9229F302DC00CBD1BF /* AuthorizedPhotoGalleryView.swift in Sources */ = {isa = PBXBuildFile; fileRef = A5550A9129F302DC00CBD1BF /* AuthorizedPhotoGalleryView.swift */; };
		A5550A9429F3092600CBD1BF /* PhotoGalleryViewModel.swift in Sources */ = {isa = PBXBuildFile; fileRef = A5550A9329F3092600CBD1BF /* PhotoGalleryViewModel.swift */; };
		A5550A9629F310D500CBD1BF /* PhotoCollectionViewCell.swift in Sources */ = {isa = PBXBuildFile; fileRef = A5550A9529F310D500CBD1BF /* PhotoCollectionViewCell.swift */; };
		A56D904229E08604009FD0B2 /* HomeViewModel.swift in Sources */ = {isa = PBXBuildFile; fileRef = A56D904129E08604009FD0B2 /* HomeViewModel.swift */; };
		A57061CF29CD6A5E0083ECDD /* GalleryViewController.swift in Sources */ = {isa = PBXBuildFile; fileRef = A57061CE29CD6A5E0083ECDD /* GalleryViewController.swift */; };
		A57061D129CD6A840083ECDD /* AnalyzeViewController.swift in Sources */ = {isa = PBXBuildFile; fileRef = A57061D029CD6A840083ECDD /* AnalyzeViewController.swift */; };
		A57061D429D045690083ECDD /* WeightGraphView.swift in Sources */ = {isa = PBXBuildFile; fileRef = A57061D329D045690083ECDD /* WeightGraphView.swift */; };
		A57061D629D09AC40083ECDD /* SkeletalMuscleMassGraphView.swift in Sources */ = {isa = PBXBuildFile; fileRef = A57061D529D09AC40083ECDD /* SkeletalMuscleMassGraphView.swift */; };
		A57061D829D09AD40083ECDD /* FatPercentageGraphView.swift in Sources */ = {isa = PBXBuildFile; fileRef = A57061D729D09AD40083ECDD /* FatPercentageGraphView.swift */; };
		A57061DA29D09D5C0083ECDD /* WeightGraphViewModel.swift in Sources */ = {isa = PBXBuildFile; fileRef = A57061D929D09D5C0083ECDD /* WeightGraphViewModel.swift */; };
		A576693B29B6EB4900673DFE /* ImageSelectionViewController.swift in Sources */ = {isa = PBXBuildFile; fileRef = A576693A29B6EB4900673DFE /* ImageSelectionViewController.swift */; };
		A576693E29BB06CB00673DFE /* RegisterMyBodyInfoViewController.swift in Sources */ = {isa = PBXBuildFile; fileRef = A576693D29BB06CB00673DFE /* RegisterMyBodyInfoViewController.swift */; };
		A576694029BF1A9900673DFE /* UITextField.swift in Sources */ = {isa = PBXBuildFile; fileRef = A576693F29BF1A9900673DFE /* UITextField.swift */; };
		A57FCCDD2A0828C600576812 /* PhotoFrameTypeViewModel.swift in Sources */ = {isa = PBXBuildFile; fileRef = A57FCCDC2A0828C600576812 /* PhotoFrameTypeViewModel.swift */; };
		A59A3DDC29C977BC00126ECE /* HomeButtonLessCameraViewModel.swift in Sources */ = {isa = PBXBuildFile; fileRef = A59A3DDB29C977BC00126ECE /* HomeButtonLessCameraViewModel.swift */; };
		A59A3DDE29C9F76200126ECE /* RegisterMyBodyInfoViewModel.swift in Sources */ = {isa = PBXBuildFile; fileRef = A59A3DDD29C9F76200126ECE /* RegisterMyBodyInfoViewModel.swift */; };
		A59ACB7829B46DEB0084C73E /* TabBarController.swift in Sources */ = {isa = PBXBuildFile; fileRef = A59ACB7729B46DEB0084C73E /* TabBarController.swift */; };
		A59ACB7A29B4BC740084C73E /* RoutineViewController.swift in Sources */ = {isa = PBXBuildFile; fileRef = A59ACB7929B4BC740084C73E /* RoutineViewController.swift */; };
		A59ACB7E29B4BCF70084C73E /* MyRecordViewController.swift in Sources */ = {isa = PBXBuildFile; fileRef = A59ACB7D29B4BCF70084C73E /* MyRecordViewController.swift */; };
		A59ACBC029B6E2310084C73E /* DeviceManager.swift in Sources */ = {isa = PBXBuildFile; fileRef = A59ACBBF29B6E2310084C73E /* DeviceManager.swift */; };
		A59EF6E229C0B69C005DE9B5 /* WorkoutViewController.swift in Sources */ = {isa = PBXBuildFile; fileRef = A59EF6E129C0B69C005DE9B5 /* WorkoutViewController.swift */; };
		A59EF6E529C0CE22005DE9B5 /* HomeButtonLessCameraViewController.swift in Sources */ = {isa = PBXBuildFile; fileRef = A59EF6E429C0CE22005DE9B5 /* HomeButtonLessCameraViewController.swift */; };
		A59EF6F129C4C909005DE9B5 /* PreviewView.swift in Sources */ = {isa = PBXBuildFile; fileRef = A59EF6F029C4C909005DE9B5 /* PreviewView.swift */; };
		A5A10CA929D59ED600E45FC8 /* String.swift in Sources */ = {isa = PBXBuildFile; fileRef = A5A10CA829D59ED600E45FC8 /* String.swift */; };
		A5A10CAB29D59EF300E45FC8 /* Date.swift in Sources */ = {isa = PBXBuildFile; fileRef = A5A10CAA29D59EF300E45FC8 /* Date.swift */; };
		A5FD469829DDDB4C003AC96E /* SkeletalMuslemassViewModel.swift in Sources */ = {isa = PBXBuildFile; fileRef = A5FD469729DDDB4C003AC96E /* SkeletalMuslemassViewModel.swift */; };
		A5FD469A29DDF18E003AC96E /* FatPercentageGraphViewModel.swift in Sources */ = {isa = PBXBuildFile; fileRef = A5FD469929DDF18E003AC96E /* FatPercentageGraphViewModel.swift */; };
/* End PBXBuildFile section */

/* Begin PBXContainerItemProxy section */
		92005FD929B1A49600586063 /* PBXContainerItemProxy */ = {
			isa = PBXContainerItemProxy;
			containerPortal = 92005FBA29B1A49400586063 /* Project object */;
			proxyType = 1;
			remoteGlobalIDString = 92005FC129B1A49400586063;
			remoteInfo = WorkoutDone;
		};
		92005FE329B1A49600586063 /* PBXContainerItemProxy */ = {
			isa = PBXContainerItemProxy;
			containerPortal = 92005FBA29B1A49400586063 /* Project object */;
			proxyType = 1;
			remoteGlobalIDString = 92005FC129B1A49400586063;
			remoteInfo = WorkoutDone;
		};
/* End PBXContainerItemProxy section */

/* Begin PBXFileReference section */
		92005FC229B1A49400586063 /* WorkoutDone.app */ = {isa = PBXFileReference; explicitFileType = wrapper.application; includeInIndex = 0; path = WorkoutDone.app; sourceTree = BUILT_PRODUCTS_DIR; };
		92005FC529B1A49400586063 /* AppDelegate.swift */ = {isa = PBXFileReference; lastKnownFileType = sourcecode.swift; path = AppDelegate.swift; sourceTree = "<group>"; };
		92005FC729B1A49400586063 /* SceneDelegate.swift */ = {isa = PBXFileReference; lastKnownFileType = sourcecode.swift; path = SceneDelegate.swift; sourceTree = "<group>"; };
		92005FC929B1A49400586063 /* ViewController.swift */ = {isa = PBXFileReference; lastKnownFileType = sourcecode.swift; path = ViewController.swift; sourceTree = "<group>"; };
		92005FCE29B1A49500586063 /* Assets.xcassets */ = {isa = PBXFileReference; lastKnownFileType = folder.assetcatalog; path = Assets.xcassets; sourceTree = "<group>"; };
		92005FD129B1A49500586063 /* Base */ = {isa = PBXFileReference; lastKnownFileType = file.storyboard; name = Base; path = Base.lproj/LaunchScreen.storyboard; sourceTree = "<group>"; };
		92005FD329B1A49500586063 /* Info.plist */ = {isa = PBXFileReference; lastKnownFileType = text.plist.xml; path = Info.plist; sourceTree = "<group>"; };
		92005FD829B1A49600586063 /* WorkoutDoneTests.xctest */ = {isa = PBXFileReference; explicitFileType = wrapper.cfbundle; includeInIndex = 0; path = WorkoutDoneTests.xctest; sourceTree = BUILT_PRODUCTS_DIR; };
		92005FDC29B1A49600586063 /* WorkoutDoneTests.swift */ = {isa = PBXFileReference; lastKnownFileType = sourcecode.swift; path = WorkoutDoneTests.swift; sourceTree = "<group>"; };
		92005FE229B1A49600586063 /* WorkoutDoneUITests.xctest */ = {isa = PBXFileReference; explicitFileType = wrapper.cfbundle; includeInIndex = 0; path = WorkoutDoneUITests.xctest; sourceTree = BUILT_PRODUCTS_DIR; };
		92005FE629B1A49600586063 /* WorkoutDoneUITests.swift */ = {isa = PBXFileReference; lastKnownFileType = sourcecode.swift; path = WorkoutDoneUITests.swift; sourceTree = "<group>"; };
		92005FE829B1A49600586063 /* WorkoutDoneUITestsLaunchTests.swift */ = {isa = PBXFileReference; lastKnownFileType = sourcecode.swift; path = WorkoutDoneUITestsLaunchTests.swift; sourceTree = "<group>"; };
		9200601C29B1A74300586063 /* OnboardingViewController.swift */ = {isa = PBXFileReference; lastKnownFileType = sourcecode.swift; path = OnboardingViewController.swift; sourceTree = "<group>"; };
		9200602329B1A7CC00586063 /* BaseViewController.swift */ = {isa = PBXFileReference; lastKnownFileType = sourcecode.swift; path = BaseViewController.swift; sourceTree = "<group>"; };
		9200602629B1A7F400586063 /* UIColor.swift */ = {isa = PBXFileReference; lastKnownFileType = sourcecode.swift; path = UIColor.swift; sourceTree = "<group>"; };
		9200602929B1A81100586063 /* UIFont.swift */ = {isa = PBXFileReference; lastKnownFileType = sourcecode.swift; path = UIFont.swift; sourceTree = "<group>"; };
		9200602C29B1A91600586063 /* OnboardingCell.swift */ = {isa = PBXFileReference; lastKnownFileType = sourcecode.swift; path = OnboardingCell.swift; sourceTree = "<group>"; };
		9200602E29B1A9A500586063 /* Pretendard-SemiBold.ttf */ = {isa = PBXFileReference; lastKnownFileType = file; path = "Pretendard-SemiBold.ttf"; sourceTree = "<group>"; };
		9200602F29B1A9A600586063 /* Pretendard-ExtraBold.ttf */ = {isa = PBXFileReference; lastKnownFileType = file; path = "Pretendard-ExtraBold.ttf"; sourceTree = "<group>"; };
		9200603029B1A9A600586063 /* Pretendard-Thin.ttf */ = {isa = PBXFileReference; lastKnownFileType = file; path = "Pretendard-Thin.ttf"; sourceTree = "<group>"; };
		9200603129B1A9A600586063 /* Pretendard-Medium.ttf */ = {isa = PBXFileReference; lastKnownFileType = file; path = "Pretendard-Medium.ttf"; sourceTree = "<group>"; };
		9200603229B1A9A600586063 /* Pretendard-Black.ttf */ = {isa = PBXFileReference; lastKnownFileType = file; path = "Pretendard-Black.ttf"; sourceTree = "<group>"; };
		9200603329B1A9A600586063 /* Pretendard-Bold.ttf */ = {isa = PBXFileReference; lastKnownFileType = file; path = "Pretendard-Bold.ttf"; sourceTree = "<group>"; };
		9200603429B1A9A600586063 /* Pretendard-ExtraLight.ttf */ = {isa = PBXFileReference; lastKnownFileType = file; path = "Pretendard-ExtraLight.ttf"; sourceTree = "<group>"; };
		9200603529B1A9A600586063 /* Pretendard-Light.ttf */ = {isa = PBXFileReference; lastKnownFileType = file; path = "Pretendard-Light.ttf"; sourceTree = "<group>"; };
		9200603629B1A9A600586063 /* Pretendard-Regular.ttf */ = {isa = PBXFileReference; lastKnownFileType = file; path = "Pretendard-Regular.ttf"; sourceTree = "<group>"; };
		9200604229B1ACBF00586063 /* RecordView.swift */ = {isa = PBXFileReference; lastKnownFileType = sourcecode.swift; path = RecordView.swift; sourceTree = "<group>"; };
		9200604429B1ACD900586063 /* WorkoutView.swift */ = {isa = PBXFileReference; lastKnownFileType = sourcecode.swift; path = WorkoutView.swift; sourceTree = "<group>"; };
		9200604629B1ACF400586063 /* WorkoutResultView.swift */ = {isa = PBXFileReference; lastKnownFileType = sourcecode.swift; path = WorkoutResultView.swift; sourceTree = "<group>"; };
		9200604829B1AD7200586063 /* HomeViewController.swift */ = {isa = PBXFileReference; lastKnownFileType = sourcecode.swift; path = HomeViewController.swift; sourceTree = "<group>"; };
		9200604A29B1ADA500586063 /* BaseUIView.swift */ = {isa = PBXFileReference; lastKnownFileType = sourcecode.swift; path = BaseUIView.swift; sourceTree = "<group>"; };
		920060CE29B37C9F00586063 /* GradientButton.swift */ = {isa = PBXFileReference; lastKnownFileType = sourcecode.swift; path = GradientButton.swift; sourceTree = "<group>"; };
		920060DF29B63C0C00586063 /* TestViewController.swift */ = {isa = PBXFileReference; fileEncoding = 4; lastKnownFileType = sourcecode.swift; path = TestViewController.swift; sourceTree = "<group>"; };
		920060E129B63C1500586063 /* CalendarView.swift */ = {isa = PBXFileReference; fileEncoding = 4; lastKnownFileType = sourcecode.swift; path = CalendarView.swift; sourceTree = "<group>"; };
		920060E329B71D7400586063 /* DayCell.swift */ = {isa = PBXFileReference; lastKnownFileType = sourcecode.swift; name = DayCell.swift; path = WorkoutDone/Sources/Presenter/HomeScene/Home/HomeView/Cell/DayCell.swift; sourceTree = SOURCE_ROOT; };
		9204827E29FF0D230015A02F /* FrameImageViewModel.swift */ = {isa = PBXFileReference; lastKnownFileType = sourcecode.swift; path = FrameImageViewModel.swift; sourceTree = "<group>"; };
		924E56B129CCB9EA00AA73A2 /* GridToggleButton.swift */ = {isa = PBXFileReference; lastKnownFileType = sourcecode.swift; path = GridToggleButton.swift; sourceTree = "<group>"; };
		9264A58129B8735C0010856F /* UserDefaultsManager.swift */ = {isa = PBXFileReference; lastKnownFileType = sourcecode.swift; path = UserDefaultsManager.swift; sourceTree = "<group>"; };
		9264A58329BA22FE0010856F /* DayOfTheWeekCell.swift */ = {isa = PBXFileReference; lastKnownFileType = sourcecode.swift; path = DayOfTheWeekCell.swift; sourceTree = "<group>"; };
		9264A5EB29C4B0610010856F /* HomeButtonCameraViewController.swift */ = {isa = PBXFileReference; lastKnownFileType = sourcecode.swift; path = HomeButtonCameraViewController.swift; sourceTree = "<group>"; };
		9264A5ED29C550220010856F /* FrameCell.swift */ = {isa = PBXFileReference; lastKnownFileType = sourcecode.swift; path = FrameCell.swift; sourceTree = "<group>"; };
		926DBC9129DDC905007BE22A /* PressShutterViewController.swift */ = {isa = PBXFileReference; lastKnownFileType = sourcecode.swift; path = PressShutterViewController.swift; sourceTree = "<group>"; };
		926DBC9329DEA31C007BE22A /* SaveImageToastMessageView.swift */ = {isa = PBXFileReference; lastKnownFileType = sourcecode.swift; path = SaveImageToastMessageView.swift; sourceTree = "<group>"; };
		92DCF3EB29CDB38300F90002 /* BackButton.swift */ = {isa = PBXFileReference; lastKnownFileType = sourcecode.swift; path = BackButton.swift; sourceTree = "<group>"; };
		92DCF47929D0818A00F90002 /* WorkOutDoneData.swift */ = {isa = PBXFileReference; lastKnownFileType = sourcecode.swift; path = WorkOutDoneData.swift; sourceTree = "<group>"; };
		92DCF47D29D0830B00F90002 /* FrameImage.swift */ = {isa = PBXFileReference; lastKnownFileType = sourcecode.swift; path = FrameImage.swift; sourceTree = "<group>"; };
		92DCF47F29D0846B00F90002 /* BodyInfo.swift */ = {isa = PBXFileReference; lastKnownFileType = sourcecode.swift; path = BodyInfo.swift; sourceTree = "<group>"; };
		92DCF4D129D1B64100F90002 /* FrameCategoryCell.swift */ = {isa = PBXFileReference; lastKnownFileType = sourcecode.swift; path = FrameCategoryCell.swift; sourceTree = "<group>"; };
		92DCF4D329D1B66F00F90002 /* ImageCell.swift */ = {isa = PBXFileReference; lastKnownFileType = sourcecode.swift; path = ImageCell.swift; sourceTree = "<group>"; };
		92DCF54129D5B41700F90002 /* MonthHeaderView.swift */ = {isa = PBXFileReference; lastKnownFileType = sourcecode.swift; path = MonthHeaderView.swift; sourceTree = "<group>"; };
		92DCF54929D6BD8200F90002 /* SortButtonCell.swift */ = {isa = PBXFileReference; lastKnownFileType = sourcecode.swift; path = SortButtonCell.swift; sourceTree = "<group>"; };
		92DCF54B29D6D15600F90002 /* FrameHeaderView.swift */ = {isa = PBXFileReference; lastKnownFileType = sourcecode.swift; path = FrameHeaderView.swift; sourceTree = "<group>"; };
		92DCF55929D878FB00F90002 /* GalleryDetailViewController.swift */ = {isa = PBXFileReference; lastKnownFileType = sourcecode.swift; path = GalleryDetailViewController.swift; sourceTree = "<group>"; };
		92DCF61129DCAE3D00F90002 /* GridView.swift */ = {isa = PBXFileReference; lastKnownFileType = sourcecode.swift; path = GridView.swift; sourceTree = "<group>"; };
		A52573E929EDB8A9004FBAC0 /* UIView.swift */ = {isa = PBXFileReference; lastKnownFileType = sourcecode.swift; path = UIView.swift; sourceTree = "<group>"; };
		A52573EB29EDB928004FBAC0 /* UIStackView.swift */ = {isa = PBXFileReference; lastKnownFileType = sourcecode.swift; path = UIStackView.swift; sourceTree = "<group>"; };
		A52573ED29EDB9B9004FBAC0 /* ViewModelType.swift */ = {isa = PBXFileReference; lastKnownFileType = sourcecode.swift; path = ViewModelType.swift; sourceTree = "<group>"; };
		A52573F429F2F478004FBAC0 /* PhotoGalleryViewController.swift */ = {isa = PBXFileReference; lastKnownFileType = sourcecode.swift; path = PhotoGalleryViewController.swift; sourceTree = "<group>"; };
		A54C485D29FF9FB1004CEE3D /* RealmManager.swift */ = {isa = PBXFileReference; lastKnownFileType = sourcecode.swift; path = RealmManager.swift; sourceTree = "<group>"; };
		A54C486029FFA176004CEE3D /* HomeButtonLessPhotoFrameTypeViewController.swift */ = {isa = PBXFileReference; lastKnownFileType = sourcecode.swift; path = HomeButtonLessPhotoFrameTypeViewController.swift; sourceTree = "<group>"; };
		A54C486229FFA1A0004CEE3D /* HomeButtonPhotoFrameTypeViewController.swift */ = {isa = PBXFileReference; lastKnownFileType = sourcecode.swift; path = HomeButtonPhotoFrameTypeViewController.swift; sourceTree = "<group>"; };
		A5550A9129F302DC00CBD1BF /* AuthorizedPhotoGalleryView.swift */ = {isa = PBXFileReference; lastKnownFileType = sourcecode.swift; path = AuthorizedPhotoGalleryView.swift; sourceTree = "<group>"; };
		A5550A9329F3092600CBD1BF /* PhotoGalleryViewModel.swift */ = {isa = PBXFileReference; lastKnownFileType = sourcecode.swift; path = PhotoGalleryViewModel.swift; sourceTree = "<group>"; };
		A5550A9529F310D500CBD1BF /* PhotoCollectionViewCell.swift */ = {isa = PBXFileReference; lastKnownFileType = sourcecode.swift; path = PhotoCollectionViewCell.swift; sourceTree = "<group>"; };
		A56D904129E08604009FD0B2 /* HomeViewModel.swift */ = {isa = PBXFileReference; lastKnownFileType = sourcecode.swift; path = HomeViewModel.swift; sourceTree = "<group>"; };
		A57061CE29CD6A5E0083ECDD /* GalleryViewController.swift */ = {isa = PBXFileReference; lastKnownFileType = sourcecode.swift; path = GalleryViewController.swift; sourceTree = "<group>"; };
		A57061D029CD6A840083ECDD /* AnalyzeViewController.swift */ = {isa = PBXFileReference; lastKnownFileType = sourcecode.swift; path = AnalyzeViewController.swift; sourceTree = "<group>"; };
		A57061D329D045690083ECDD /* WeightGraphView.swift */ = {isa = PBXFileReference; lastKnownFileType = sourcecode.swift; path = WeightGraphView.swift; sourceTree = "<group>"; };
		A57061D529D09AC40083ECDD /* SkeletalMuscleMassGraphView.swift */ = {isa = PBXFileReference; lastKnownFileType = sourcecode.swift; path = SkeletalMuscleMassGraphView.swift; sourceTree = "<group>"; };
		A57061D729D09AD40083ECDD /* FatPercentageGraphView.swift */ = {isa = PBXFileReference; lastKnownFileType = sourcecode.swift; path = FatPercentageGraphView.swift; sourceTree = "<group>"; };
		A57061D929D09D5C0083ECDD /* WeightGraphViewModel.swift */ = {isa = PBXFileReference; lastKnownFileType = sourcecode.swift; path = WeightGraphViewModel.swift; sourceTree = "<group>"; };
		A576693A29B6EB4900673DFE /* ImageSelectionViewController.swift */ = {isa = PBXFileReference; lastKnownFileType = sourcecode.swift; path = ImageSelectionViewController.swift; sourceTree = "<group>"; };
		A576693D29BB06CB00673DFE /* RegisterMyBodyInfoViewController.swift */ = {isa = PBXFileReference; lastKnownFileType = sourcecode.swift; path = RegisterMyBodyInfoViewController.swift; sourceTree = "<group>"; };
		A576693F29BF1A9900673DFE /* UITextField.swift */ = {isa = PBXFileReference; lastKnownFileType = sourcecode.swift; path = UITextField.swift; sourceTree = "<group>"; };
		A57FCCDC2A0828C600576812 /* PhotoFrameTypeViewModel.swift */ = {isa = PBXFileReference; lastKnownFileType = sourcecode.swift; path = PhotoFrameTypeViewModel.swift; sourceTree = "<group>"; };
		A59A3DDB29C977BC00126ECE /* HomeButtonLessCameraViewModel.swift */ = {isa = PBXFileReference; lastKnownFileType = sourcecode.swift; path = HomeButtonLessCameraViewModel.swift; sourceTree = "<group>"; };
		A59A3DDD29C9F76200126ECE /* RegisterMyBodyInfoViewModel.swift */ = {isa = PBXFileReference; lastKnownFileType = sourcecode.swift; path = RegisterMyBodyInfoViewModel.swift; sourceTree = "<group>"; };
		A59ACB7729B46DEB0084C73E /* TabBarController.swift */ = {isa = PBXFileReference; lastKnownFileType = sourcecode.swift; path = TabBarController.swift; sourceTree = "<group>"; };
		A59ACB7929B4BC740084C73E /* RoutineViewController.swift */ = {isa = PBXFileReference; lastKnownFileType = sourcecode.swift; path = RoutineViewController.swift; sourceTree = "<group>"; };
		A59ACB7D29B4BCF70084C73E /* MyRecordViewController.swift */ = {isa = PBXFileReference; lastKnownFileType = sourcecode.swift; path = MyRecordViewController.swift; sourceTree = "<group>"; };
		A59ACBBF29B6E2310084C73E /* DeviceManager.swift */ = {isa = PBXFileReference; lastKnownFileType = sourcecode.swift; path = DeviceManager.swift; sourceTree = "<group>"; };
		A59EF6E129C0B69C005DE9B5 /* WorkoutViewController.swift */ = {isa = PBXFileReference; lastKnownFileType = sourcecode.swift; path = WorkoutViewController.swift; sourceTree = "<group>"; };
		A59EF6E429C0CE22005DE9B5 /* HomeButtonLessCameraViewController.swift */ = {isa = PBXFileReference; lastKnownFileType = sourcecode.swift; path = HomeButtonLessCameraViewController.swift; sourceTree = "<group>"; };
		A59EF6F029C4C909005DE9B5 /* PreviewView.swift */ = {isa = PBXFileReference; lastKnownFileType = sourcecode.swift; path = PreviewView.swift; sourceTree = "<group>"; };
		A5A10CA829D59ED600E45FC8 /* String.swift */ = {isa = PBXFileReference; lastKnownFileType = sourcecode.swift; path = String.swift; sourceTree = "<group>"; };
		A5A10CAA29D59EF300E45FC8 /* Date.swift */ = {isa = PBXFileReference; lastKnownFileType = sourcecode.swift; path = Date.swift; sourceTree = "<group>"; };
		A5FD469729DDDB4C003AC96E /* SkeletalMuslemassViewModel.swift */ = {isa = PBXFileReference; lastKnownFileType = sourcecode.swift; path = SkeletalMuslemassViewModel.swift; sourceTree = "<group>"; };
		A5FD469929DDF18E003AC96E /* FatPercentageGraphViewModel.swift */ = {isa = PBXFileReference; lastKnownFileType = sourcecode.swift; path = FatPercentageGraphViewModel.swift; sourceTree = "<group>"; };
/* End PBXFileReference section */

/* Begin PBXFrameworksBuildPhase section */
		92005FBF29B1A49400586063 /* Frameworks */ = {
			isa = PBXFrameworksBuildPhase;
			buildActionMask = 2147483647;
			files = (
				9200600929B1A55A00586063 /* RealmSwift in Frameworks */,
				9200600729B1A55A00586063 /* Realm in Frameworks */,
				92005FFD29B1A51F00586063 /* RxCocoa in Frameworks */,
				92005FF729B1A4C700586063 /* SnapKit in Frameworks */,
				9200600129B1A51F00586063 /* RxSwift in Frameworks */,
				92005FFF29B1A51F00586063 /* RxRelay in Frameworks */,
				92005FFA29B1A4D800586063 /* Then in Frameworks */,
				9200600429B1A53A00586063 /* DeviceKit in Frameworks */,
			);
			runOnlyForDeploymentPostprocessing = 0;
		};
		92005FD529B1A49600586063 /* Frameworks */ = {
			isa = PBXFrameworksBuildPhase;
			buildActionMask = 2147483647;
			files = (
			);
			runOnlyForDeploymentPostprocessing = 0;
		};
		92005FDF29B1A49600586063 /* Frameworks */ = {
			isa = PBXFrameworksBuildPhase;
			buildActionMask = 2147483647;
			files = (
			);
			runOnlyForDeploymentPostprocessing = 0;
		};
/* End PBXFrameworksBuildPhase section */

/* Begin PBXGroup section */
		92005FB929B1A49400586063 = {
			isa = PBXGroup;
			children = (
				92005FC429B1A49400586063 /* WorkoutDone */,
				92005FDB29B1A49600586063 /* WorkoutDoneTests */,
				92005FE529B1A49600586063 /* WorkoutDoneUITests */,
				92005FC329B1A49400586063 /* Products */,
			);
			sourceTree = "<group>";
		};
		92005FC329B1A49400586063 /* Products */ = {
			isa = PBXGroup;
			children = (
				92005FC229B1A49400586063 /* WorkoutDone.app */,
				92005FD829B1A49600586063 /* WorkoutDoneTests.xctest */,
				92005FE229B1A49600586063 /* WorkoutDoneUITests.xctest */,
			);
			name = Products;
			sourceTree = "<group>";
		};
		92005FC429B1A49400586063 /* WorkoutDone */ = {
			isa = PBXGroup;
			children = (
				9200601729B1A6A300586063 /* Resources */,
				9200601829B1A6AD00586063 /* Sources */,
				9200602B29B1A81B00586063 /* Utils */,
				92005FC929B1A49400586063 /* ViewController.swift */,
				92005FD329B1A49500586063 /* Info.plist */,
			);
			path = WorkoutDone;
			sourceTree = "<group>";
		};
		92005FDB29B1A49600586063 /* WorkoutDoneTests */ = {
			isa = PBXGroup;
			children = (
				92005FDC29B1A49600586063 /* WorkoutDoneTests.swift */,
			);
			path = WorkoutDoneTests;
			sourceTree = "<group>";
		};
		92005FE529B1A49600586063 /* WorkoutDoneUITests */ = {
			isa = PBXGroup;
			children = (
				92005FE629B1A49600586063 /* WorkoutDoneUITests.swift */,
				92005FE829B1A49600586063 /* WorkoutDoneUITestsLaunchTests.swift */,
			);
			path = WorkoutDoneUITests;
			sourceTree = "<group>";
		};
		9200601729B1A6A300586063 /* Resources */ = {
			isa = PBXGroup;
			children = (
				9200601929B1A6E300586063 /* Fonts */,
				92005FCE29B1A49500586063 /* Assets.xcassets */,
				92005FD029B1A49500586063 /* LaunchScreen.storyboard */,
				92005FC529B1A49400586063 /* AppDelegate.swift */,
				92005FC729B1A49400586063 /* SceneDelegate.swift */,
			);
			path = Resources;
			sourceTree = "<group>";
		};
		9200601829B1A6AD00586063 /* Sources */ = {
			isa = PBXGroup;
			children = (
				9200601A29B1A70700586063 /* Presenter */,
				9200602129B1A7A300586063 /* Model */,
				9200602229B1A7AE00586063 /* Classes */,
				9200602529B1A7D400586063 /* Extensions */,
			);
			path = Sources;
			sourceTree = "<group>";
		};
		9200601929B1A6E300586063 /* Fonts */ = {
			isa = PBXGroup;
			children = (
				9200603229B1A9A600586063 /* Pretendard-Black.ttf */,
				9200603329B1A9A600586063 /* Pretendard-Bold.ttf */,
				9200602F29B1A9A600586063 /* Pretendard-ExtraBold.ttf */,
				9200603429B1A9A600586063 /* Pretendard-ExtraLight.ttf */,
				9200603529B1A9A600586063 /* Pretendard-Light.ttf */,
				9200603129B1A9A600586063 /* Pretendard-Medium.ttf */,
				9200603629B1A9A600586063 /* Pretendard-Regular.ttf */,
				9200602E29B1A9A500586063 /* Pretendard-SemiBold.ttf */,
				9200603029B1A9A600586063 /* Pretendard-Thin.ttf */,
			);
			path = Fonts;
			sourceTree = "<group>";
		};
		9200601A29B1A70700586063 /* Presenter */ = {
			isa = PBXGroup;
			children = (
				9200601B29B1A71200586063 /* OnboardingScene */,
				9200601E29B1A75300586063 /* HomeScene */,
				9200601F29B1A75B00586063 /* RoutineScene */,
				9200602029B1A76B00586063 /* MyRecordScene */,
			);
			path = Presenter;
			sourceTree = "<group>";
		};
		9200601B29B1A71200586063 /* OnboardingScene */ = {
			isa = PBXGroup;
			children = (
				9200601C29B1A74300586063 /* OnboardingViewController.swift */,
				9200602C29B1A91600586063 /* OnboardingCell.swift */,
			);
			path = OnboardingScene;
			sourceTree = "<group>";
		};
		9200601E29B1A75300586063 /* HomeScene */ = {
			isa = PBXGroup;
			children = (
				9200604029B1AA4900586063 /* Home */,
				A576693929B6E98100673DFE /* ImageSelection */,
				A52573F329F2F3F9004FBAC0 /* PhotoGallery */,
				A59EF6E329C0CD9D005DE9B5 /* Camera */,
				A59EF6E029C0B673005DE9B5 /* Workout */,
				A576693C29BB056900673DFE /* RegisterMyBodyInfoScene */,
			);
			path = HomeScene;
			sourceTree = "<group>";
		};
		9200601F29B1A75B00586063 /* RoutineScene */ = {
			isa = PBXGroup;
			children = (
				A59ACB7B29B4BC8A0084C73E /* Routine */,
			);
			path = RoutineScene;
			sourceTree = "<group>";
		};
		9200602029B1A76B00586063 /* MyRecordScene */ = {
			isa = PBXGroup;
			children = (
				A59ACB7C29B4BCDE0084C73E /* MyRecord */,
			);
			path = MyRecordScene;
			sourceTree = "<group>";
		};
		9200602129B1A7A300586063 /* Model */ = {
			isa = PBXGroup;
			children = (
				92DCF47929D0818A00F90002 /* WorkOutDoneData.swift */,
				92DCF47D29D0830B00F90002 /* FrameImage.swift */,
				92DCF47F29D0846B00F90002 /* BodyInfo.swift */,
			);
			path = Model;
			sourceTree = "<group>";
		};
		9200602229B1A7AE00586063 /* Classes */ = {
			isa = PBXGroup;
			children = (
				A59ACBBE29B6E2220084C73E /* Manager */,
				A59ACB7629B46DB90084C73E /* TabBar */,
				920060CC29B37C4C00586063 /* Base */,
				920060CD29B37C5C00586063 /* UIComponent */,
			);
			path = Classes;
			sourceTree = "<group>";
		};
		9200602529B1A7D400586063 /* Extensions */ = {
			isa = PBXGroup;
			children = (
				9200602629B1A7F400586063 /* UIColor.swift */,
				9200602929B1A81100586063 /* UIFont.swift */,
				A576693F29BF1A9900673DFE /* UITextField.swift */,
				A5A10CA829D59ED600E45FC8 /* String.swift */,
				A5A10CAA29D59EF300E45FC8 /* Date.swift */,
				A52573E929EDB8A9004FBAC0 /* UIView.swift */,
				A52573EB29EDB928004FBAC0 /* UIStackView.swift */,
			);
			path = Extensions;
			sourceTree = "<group>";
		};
		9200602B29B1A81B00586063 /* Utils */ = {
			isa = PBXGroup;
			children = (
				A52573ED29EDB9B9004FBAC0 /* ViewModelType.swift */,
			);
			path = Utils;
			sourceTree = "<group>";
		};
		9200604029B1AA4900586063 /* Home */ = {
			isa = PBXGroup;
			children = (
				9200604829B1AD7200586063 /* HomeViewController.swift */,
				A56D904129E08604009FD0B2 /* HomeViewModel.swift */,
				920060DF29B63C0C00586063 /* TestViewController.swift */,
				9200604129B1AC8900586063 /* HomeView */,
			);
			path = Home;
			sourceTree = "<group>";
		};
		9200604129B1AC8900586063 /* HomeView */ = {
			isa = PBXGroup;
			children = (
				920060E129B63C1500586063 /* CalendarView.swift */,
				9200604229B1ACBF00586063 /* RecordView.swift */,
				9200604429B1ACD900586063 /* WorkoutView.swift */,
				9200604629B1ACF400586063 /* WorkoutResultView.swift */,
				9264A58529C19B750010856F /* Cell */,
			);
			path = HomeView;
			sourceTree = "<group>";
		};
		920060CC29B37C4C00586063 /* Base */ = {
			isa = PBXGroup;
			children = (
				9200602329B1A7CC00586063 /* BaseViewController.swift */,
				9200604A29B1ADA500586063 /* BaseUIView.swift */,
			);
			path = Base;
			sourceTree = "<group>";
		};
		920060CD29B37C5C00586063 /* UIComponent */ = {
			isa = PBXGroup;
			children = (
				920060CE29B37C9F00586063 /* GradientButton.swift */,
			);
			path = UIComponent;
			sourceTree = "<group>";
		};
		9264A58529C19B750010856F /* Cell */ = {
			isa = PBXGroup;
			children = (
				920060E329B71D7400586063 /* DayCell.swift */,
				9264A58329BA22FE0010856F /* DayOfTheWeekCell.swift */,
			);
			path = Cell;
			sourceTree = "<group>";
		};
		9264A5EF29C5B1690010856F /* HomeButton */ = {
			isa = PBXGroup;
			children = (
				9264A5EB29C4B0610010856F /* HomeButtonCameraViewController.swift */,
				92DCF3EB29CDB38300F90002 /* BackButton.swift */,
				924E56B129CCB9EA00AA73A2 /* GridToggleButton.swift */,
				92DCF61129DCAE3D00F90002 /* GridView.swift */,
				9264A5ED29C550220010856F /* FrameCell.swift */,
				926DBC9129DDC905007BE22A /* PressShutterViewController.swift */,
				926DBC9329DEA31C007BE22A /* SaveImageToastMessageView.swift */,
				9204827E29FF0D230015A02F /* FrameImageViewModel.swift */,
			);
			path = HomeButton;
			sourceTree = "<group>";
		};
		92DCF4EF29D2CD2E00F90002 /* Cell */ = {
			isa = PBXGroup;
			children = (
				92DCF54929D6BD8200F90002 /* SortButtonCell.swift */,
				92DCF4D129D1B64100F90002 /* FrameCategoryCell.swift */,
				92DCF4D329D1B66F00F90002 /* ImageCell.swift */,
			);
			path = Cell;
			sourceTree = "<group>";
		};
		A52573F329F2F3F9004FBAC0 /* PhotoGallery */ = {
			isa = PBXGroup;
			children = (
				A52573F429F2F478004FBAC0 /* PhotoGalleryViewController.swift */,
				A5550A9329F3092600CBD1BF /* PhotoGalleryViewModel.swift */,
				A5550A9129F302DC00CBD1BF /* AuthorizedPhotoGalleryView.swift */,
				A5550A9529F310D500CBD1BF /* PhotoCollectionViewCell.swift */,
				A54C485F29FFA113004CEE3D /* PhotoFrameType */,
			);
			path = PhotoGallery;
			sourceTree = "<group>";
		};
		A54C485F29FFA113004CEE3D /* PhotoFrameType */ = {
			isa = PBXGroup;
			children = (
				A54C486029FFA176004CEE3D /* HomeButtonLessPhotoFrameTypeViewController.swift */,
				A54C486229FFA1A0004CEE3D /* HomeButtonPhotoFrameTypeViewController.swift */,
				A57FCCDC2A0828C600576812 /* PhotoFrameTypeViewModel.swift */,
			);
			path = PhotoFrameType;
			sourceTree = "<group>";
		};
		A57061CC29CD6A290083ECDD /* Gallery */ = {
			isa = PBXGroup;
			children = (
				A57061CE29CD6A5E0083ECDD /* GalleryViewController.swift */,
				92DCF54129D5B41700F90002 /* MonthHeaderView.swift */,
				92DCF54B29D6D15600F90002 /* FrameHeaderView.swift */,
				92DCF55929D878FB00F90002 /* GalleryDetailViewController.swift */,
				92DCF4EF29D2CD2E00F90002 /* Cell */,
			);
			path = Gallery;
			sourceTree = "<group>";
		};
		A57061CD29CD6A340083ECDD /* Analyze */ = {
			isa = PBXGroup;
			children = (
				A57061D029CD6A840083ECDD /* AnalyzeViewController.swift */,
				A57061D229D0450C0083ECDD /* Graph */,
			);
			path = Analyze;
			sourceTree = "<group>";
		};
		A57061D229D0450C0083ECDD /* Graph */ = {
			isa = PBXGroup;
			children = (
				A57061D329D045690083ECDD /* WeightGraphView.swift */,
				A57061D929D09D5C0083ECDD /* WeightGraphViewModel.swift */,
				A57061D529D09AC40083ECDD /* SkeletalMuscleMassGraphView.swift */,
				A5FD469729DDDB4C003AC96E /* SkeletalMuslemassViewModel.swift */,
				A57061D729D09AD40083ECDD /* FatPercentageGraphView.swift */,
				A5FD469929DDF18E003AC96E /* FatPercentageGraphViewModel.swift */,
			);
			path = Graph;
			sourceTree = "<group>";
		};
		A576693929B6E98100673DFE /* ImageSelection */ = {
			isa = PBXGroup;
			children = (
				A576693A29B6EB4900673DFE /* ImageSelectionViewController.swift */,
			);
			path = ImageSelection;
			sourceTree = "<group>";
		};
		A576693C29BB056900673DFE /* RegisterMyBodyInfoScene */ = {
			isa = PBXGroup;
			children = (
				A576693D29BB06CB00673DFE /* RegisterMyBodyInfoViewController.swift */,
				A59A3DDD29C9F76200126ECE /* RegisterMyBodyInfoViewModel.swift */,
			);
			path = RegisterMyBodyInfoScene;
			sourceTree = "<group>";
		};
		A59ACB7629B46DB90084C73E /* TabBar */ = {
			isa = PBXGroup;
			children = (
				A59ACB7729B46DEB0084C73E /* TabBarController.swift */,
			);
			path = TabBar;
			sourceTree = "<group>";
		};
		A59ACB7B29B4BC8A0084C73E /* Routine */ = {
			isa = PBXGroup;
			children = (
				A59ACB7929B4BC740084C73E /* RoutineViewController.swift */,
			);
			path = Routine;
			sourceTree = "<group>";
		};
		A59ACB7C29B4BCDE0084C73E /* MyRecord */ = {
			isa = PBXGroup;
			children = (
				A59ACB7D29B4BCF70084C73E /* MyRecordViewController.swift */,
				A57061CD29CD6A340083ECDD /* Analyze */,
				A57061CC29CD6A290083ECDD /* Gallery */,
			);
			path = MyRecord;
			sourceTree = "<group>";
		};
		A59ACBBE29B6E2220084C73E /* Manager */ = {
			isa = PBXGroup;
			children = (
				A59ACBBF29B6E2310084C73E /* DeviceManager.swift */,
				9264A58129B8735C0010856F /* UserDefaultsManager.swift */,
				A54C485D29FF9FB1004CEE3D /* RealmManager.swift */,
			);
			path = Manager;
			sourceTree = "<group>";
		};
		A59EF6E029C0B673005DE9B5 /* Workout */ = {
			isa = PBXGroup;
			children = (
				A59EF6E129C0B69C005DE9B5 /* WorkoutViewController.swift */,
			);
			path = Workout;
			sourceTree = "<group>";
		};
		A59EF6E329C0CD9D005DE9B5 /* Camera */ = {
			isa = PBXGroup;
			children = (
				9264A5EF29C5B1690010856F /* HomeButton */,
				A59EF6E429C0CE22005DE9B5 /* HomeButtonLessCameraViewController.swift */,
				A59EF6F029C4C909005DE9B5 /* PreviewView.swift */,
				A59A3DDB29C977BC00126ECE /* HomeButtonLessCameraViewModel.swift */,
			);
			path = Camera;
			sourceTree = "<group>";
		};
/* End PBXGroup section */

/* Begin PBXNativeTarget section */
		92005FC129B1A49400586063 /* WorkoutDone */ = {
			isa = PBXNativeTarget;
			buildConfigurationList = 92005FEC29B1A49600586063 /* Build configuration list for PBXNativeTarget "WorkoutDone" */;
			buildPhases = (
				92005FBE29B1A49400586063 /* Sources */,
				92005FBF29B1A49400586063 /* Frameworks */,
				92005FC029B1A49400586063 /* Resources */,
			);
			buildRules = (
			);
			dependencies = (
			);
			name = WorkoutDone;
			packageProductDependencies = (
				92005FF629B1A4C700586063 /* SnapKit */,
				92005FF929B1A4D800586063 /* Then */,
				92005FFC29B1A51F00586063 /* RxCocoa */,
				92005FFE29B1A51F00586063 /* RxRelay */,
				9200600029B1A51F00586063 /* RxSwift */,
				9200600329B1A53A00586063 /* DeviceKit */,
				9200600629B1A55A00586063 /* Realm */,
				9200600829B1A55A00586063 /* RealmSwift */,
			);
			productName = WorkoutDone;
			productReference = 92005FC229B1A49400586063 /* WorkoutDone.app */;
			productType = "com.apple.product-type.application";
		};
		92005FD729B1A49600586063 /* WorkoutDoneTests */ = {
			isa = PBXNativeTarget;
			buildConfigurationList = 92005FEF29B1A49600586063 /* Build configuration list for PBXNativeTarget "WorkoutDoneTests" */;
			buildPhases = (
				92005FD429B1A49600586063 /* Sources */,
				92005FD529B1A49600586063 /* Frameworks */,
				92005FD629B1A49600586063 /* Resources */,
			);
			buildRules = (
			);
			dependencies = (
				92005FDA29B1A49600586063 /* PBXTargetDependency */,
			);
			name = WorkoutDoneTests;
			productName = WorkoutDoneTests;
			productReference = 92005FD829B1A49600586063 /* WorkoutDoneTests.xctest */;
			productType = "com.apple.product-type.bundle.unit-test";
		};
		92005FE129B1A49600586063 /* WorkoutDoneUITests */ = {
			isa = PBXNativeTarget;
			buildConfigurationList = 92005FF229B1A49600586063 /* Build configuration list for PBXNativeTarget "WorkoutDoneUITests" */;
			buildPhases = (
				92005FDE29B1A49600586063 /* Sources */,
				92005FDF29B1A49600586063 /* Frameworks */,
				92005FE029B1A49600586063 /* Resources */,
			);
			buildRules = (
			);
			dependencies = (
				92005FE429B1A49600586063 /* PBXTargetDependency */,
			);
			name = WorkoutDoneUITests;
			productName = WorkoutDoneUITests;
			productReference = 92005FE229B1A49600586063 /* WorkoutDoneUITests.xctest */;
			productType = "com.apple.product-type.bundle.ui-testing";
		};
/* End PBXNativeTarget section */

/* Begin PBXProject section */
		92005FBA29B1A49400586063 /* Project object */ = {
			isa = PBXProject;
			attributes = {
				BuildIndependentTargetsInParallel = 1;
				LastSwiftUpdateCheck = 1420;
				LastUpgradeCheck = 1420;
				TargetAttributes = {
					92005FC129B1A49400586063 = {
						CreatedOnToolsVersion = 14.2;
					};
					92005FD729B1A49600586063 = {
						CreatedOnToolsVersion = 14.2;
						TestTargetID = 92005FC129B1A49400586063;
					};
					92005FE129B1A49600586063 = {
						CreatedOnToolsVersion = 14.2;
						TestTargetID = 92005FC129B1A49400586063;
					};
				};
			};
			buildConfigurationList = 92005FBD29B1A49400586063 /* Build configuration list for PBXProject "WorkoutDone" */;
			compatibilityVersion = "Xcode 14.0";
			developmentRegion = en;
			hasScannedForEncodings = 0;
			knownRegions = (
				en,
				Base,
			);
			mainGroup = 92005FB929B1A49400586063;
			packageReferences = (
				92005FF529B1A4C700586063 /* XCRemoteSwiftPackageReference "SnapKit" */,
				92005FF829B1A4D800586063 /* XCRemoteSwiftPackageReference "Then" */,
				92005FFB29B1A51F00586063 /* XCRemoteSwiftPackageReference "RxSwift" */,
				9200600229B1A53A00586063 /* XCRemoteSwiftPackageReference "DeviceKit" */,
				9200600529B1A55A00586063 /* XCRemoteSwiftPackageReference "realm-swift" */,
			);
			productRefGroup = 92005FC329B1A49400586063 /* Products */;
			projectDirPath = "";
			projectRoot = "";
			targets = (
				92005FC129B1A49400586063 /* WorkoutDone */,
				92005FD729B1A49600586063 /* WorkoutDoneTests */,
				92005FE129B1A49600586063 /* WorkoutDoneUITests */,
			);
		};
/* End PBXProject section */

/* Begin PBXResourcesBuildPhase section */
		92005FC029B1A49400586063 /* Resources */ = {
			isa = PBXResourcesBuildPhase;
			buildActionMask = 2147483647;
			files = (
				9200603B29B1A9A600586063 /* Pretendard-Black.ttf in Resources */,
				9200603F29B1A9A600586063 /* Pretendard-Regular.ttf in Resources */,
				9200603729B1A9A600586063 /* Pretendard-SemiBold.ttf in Resources */,
				9200603929B1A9A600586063 /* Pretendard-Thin.ttf in Resources */,
				9200603A29B1A9A600586063 /* Pretendard-Medium.ttf in Resources */,
				92005FD229B1A49500586063 /* LaunchScreen.storyboard in Resources */,
				92005FCF29B1A49500586063 /* Assets.xcassets in Resources */,
				9200603D29B1A9A600586063 /* Pretendard-ExtraLight.ttf in Resources */,
				9200603C29B1A9A600586063 /* Pretendard-Bold.ttf in Resources */,
				9200603E29B1A9A600586063 /* Pretendard-Light.ttf in Resources */,
				9200603829B1A9A600586063 /* Pretendard-ExtraBold.ttf in Resources */,
			);
			runOnlyForDeploymentPostprocessing = 0;
		};
		92005FD629B1A49600586063 /* Resources */ = {
			isa = PBXResourcesBuildPhase;
			buildActionMask = 2147483647;
			files = (
			);
			runOnlyForDeploymentPostprocessing = 0;
		};
		92005FE029B1A49600586063 /* Resources */ = {
			isa = PBXResourcesBuildPhase;
			buildActionMask = 2147483647;
			files = (
			);
			runOnlyForDeploymentPostprocessing = 0;
		};
/* End PBXResourcesBuildPhase section */

/* Begin PBXSourcesBuildPhase section */
		92005FBE29B1A49400586063 /* Sources */ = {
			isa = PBXSourcesBuildPhase;
			buildActionMask = 2147483647;
			files = (
				9200602429B1A7CC00586063 /* BaseViewController.swift in Sources */,
				A5550A9629F310D500CBD1BF /* PhotoCollectionViewCell.swift in Sources */,
				9264A5EE29C550220010856F /* FrameCell.swift in Sources */,
				9264A58429BA22FE0010856F /* DayOfTheWeekCell.swift in Sources */,
				9200604729B1ACF400586063 /* WorkoutResultView.swift in Sources */,
				9200604329B1ACBF00586063 /* RecordView.swift in Sources */,
				92DCF48029D0846B00F90002 /* BodyInfo.swift in Sources */,
				A57061D129CD6A840083ECDD /* AnalyzeViewController.swift in Sources */,
				A52573EC29EDB928004FBAC0 /* UIStackView.swift in Sources */,
				92DCF55A29D878FB00F90002 /* GalleryDetailViewController.swift in Sources */,
				A52573EE29EDB9B9004FBAC0 /* ViewModelType.swift in Sources */,
				92DCF54A29D6BD8200F90002 /* SortButtonCell.swift in Sources */,
				A59ACB7829B46DEB0084C73E /* TabBarController.swift in Sources */,
				A576694029BF1A9900673DFE /* UITextField.swift in Sources */,
				9200602729B1A7F400586063 /* UIColor.swift in Sources */,
				9200602D29B1A91600586063 /* OnboardingCell.swift in Sources */,
				926DBC9229DDC905007BE22A /* PressShutterViewController.swift in Sources */,
				A54C486129FFA176004CEE3D /* HomeButtonLessPhotoFrameTypeViewController.swift in Sources */,
				A5A10CA929D59ED600E45FC8 /* String.swift in Sources */,
				9200604B29B1ADA500586063 /* BaseUIView.swift in Sources */,
				92DCF4D229D1B64100F90002 /* FrameCategoryCell.swift in Sources */,
				A5FD469829DDDB4C003AC96E /* SkeletalMuslemassViewModel.swift in Sources */,
				A57061D429D045690083ECDD /* WeightGraphView.swift in Sources */,
				924E56B229CCB9EA00AA73A2 /* GridToggleButton.swift in Sources */,
				A52573F529F2F478004FBAC0 /* PhotoGalleryViewController.swift in Sources */,
				9264A58229B8735C0010856F /* UserDefaultsManager.swift in Sources */,
				A5A10CAB29D59EF300E45FC8 /* Date.swift in Sources */,
				A59ACBC029B6E2310084C73E /* DeviceManager.swift in Sources */,
				9204827F29FF0D230015A02F /* FrameImageViewModel.swift in Sources */,
				A59EF6F129C4C909005DE9B5 /* PreviewView.swift in Sources */,
				A5550A9229F302DC00CBD1BF /* AuthorizedPhotoGalleryView.swift in Sources */,
				A5550A9429F3092600CBD1BF /* PhotoGalleryViewModel.swift in Sources */,
				A59EF6E529C0CE22005DE9B5 /* HomeButtonLessCameraViewController.swift in Sources */,
				A57FCCDD2A0828C600576812 /* PhotoFrameTypeViewModel.swift in Sources */,
				9200604529B1ACD900586063 /* WorkoutView.swift in Sources */,
				A59EF6E229C0B69C005DE9B5 /* WorkoutViewController.swift in Sources */,
				A59A3DDE29C9F76200126ECE /* RegisterMyBodyInfoViewModel.swift in Sources */,
				A59A3DDC29C977BC00126ECE /* HomeButtonLessCameraViewModel.swift in Sources */,
				A54C485E29FF9FB1004CEE3D /* RealmManager.swift in Sources */,
				920060CF29B37C9F00586063 /* GradientButton.swift in Sources */,
				A54C486329FFA1A0004CEE3D /* HomeButtonPhotoFrameTypeViewController.swift in Sources */,
				92005FCA29B1A49400586063 /* ViewController.swift in Sources */,
				92DCF54C29D6D15600F90002 /* FrameHeaderView.swift in Sources */,
				92DCF47E29D0830B00F90002 /* FrameImage.swift in Sources */,
				9200602A29B1A81100586063 /* UIFont.swift in Sources */,
				A5FD469A29DDF18E003AC96E /* FatPercentageGraphViewModel.swift in Sources */,
				926DBC9429DEA31C007BE22A /* SaveImageToastMessageView.swift in Sources */,
				A59ACB7A29B4BC740084C73E /* RoutineViewController.swift in Sources */,
				A57061CF29CD6A5E0083ECDD /* GalleryViewController.swift in Sources */,
				920060E229B63C1500586063 /* CalendarView.swift in Sources */,
				A57061D829D09AD40083ECDD /* FatPercentageGraphView.swift in Sources */,
				A59ACB7E29B4BCF70084C73E /* MyRecordViewController.swift in Sources */,
				A56D904229E08604009FD0B2 /* HomeViewModel.swift in Sources */,
				A57061D629D09AC40083ECDD /* SkeletalMuscleMassGraphView.swift in Sources */,
				A576693B29B6EB4900673DFE /* ImageSelectionViewController.swift in Sources */,
				A52573EA29EDB8A9004FBAC0 /* UIView.swift in Sources */,
				A57061DA29D09D5C0083ECDD /* WeightGraphViewModel.swift in Sources */,
				92005FC629B1A49400586063 /* AppDelegate.swift in Sources */,
				92005FC829B1A49400586063 /* SceneDelegate.swift in Sources */,
				9200601D29B1A74300586063 /* OnboardingViewController.swift in Sources */,
				9264A5EC29C4B0610010856F /* HomeButtonCameraViewController.swift in Sources */,
				920060E029B63C0D00586063 /* TestViewController.swift in Sources */,
				92DCF54229D5B41700F90002 /* MonthHeaderView.swift in Sources */,
				92DCF61229DCAE3D00F90002 /* GridView.swift in Sources */,
				92DCF4D429D1B66F00F90002 /* ImageCell.swift in Sources */,
				9200604929B1AD7200586063 /* HomeViewController.swift in Sources */,
				92DCF47A29D0818A00F90002 /* WorkOutDoneData.swift in Sources */,
				92DCF3EC29CDB38300F90002 /* BackButton.swift in Sources */,
				A576693E29BB06CB00673DFE /* RegisterMyBodyInfoViewController.swift in Sources */,
				920060E429B71D7400586063 /* DayCell.swift in Sources */,
			);
			runOnlyForDeploymentPostprocessing = 0;
		};
		92005FD429B1A49600586063 /* Sources */ = {
			isa = PBXSourcesBuildPhase;
			buildActionMask = 2147483647;
			files = (
				92005FDD29B1A49600586063 /* WorkoutDoneTests.swift in Sources */,
			);
			runOnlyForDeploymentPostprocessing = 0;
		};
		92005FDE29B1A49600586063 /* Sources */ = {
			isa = PBXSourcesBuildPhase;
			buildActionMask = 2147483647;
			files = (
				92005FE929B1A49600586063 /* WorkoutDoneUITestsLaunchTests.swift in Sources */,
				92005FE729B1A49600586063 /* WorkoutDoneUITests.swift in Sources */,
			);
			runOnlyForDeploymentPostprocessing = 0;
		};
/* End PBXSourcesBuildPhase section */

/* Begin PBXTargetDependency section */
		92005FDA29B1A49600586063 /* PBXTargetDependency */ = {
			isa = PBXTargetDependency;
			target = 92005FC129B1A49400586063 /* WorkoutDone */;
			targetProxy = 92005FD929B1A49600586063 /* PBXContainerItemProxy */;
		};
		92005FE429B1A49600586063 /* PBXTargetDependency */ = {
			isa = PBXTargetDependency;
			target = 92005FC129B1A49400586063 /* WorkoutDone */;
			targetProxy = 92005FE329B1A49600586063 /* PBXContainerItemProxy */;
		};
/* End PBXTargetDependency section */

/* Begin PBXVariantGroup section */
		92005FD029B1A49500586063 /* LaunchScreen.storyboard */ = {
			isa = PBXVariantGroup;
			children = (
				92005FD129B1A49500586063 /* Base */,
			);
			name = LaunchScreen.storyboard;
			sourceTree = "<group>";
		};
/* End PBXVariantGroup section */

/* Begin XCBuildConfiguration section */
		92005FEA29B1A49600586063 /* Debug */ = {
			isa = XCBuildConfiguration;
			buildSettings = {
				ALWAYS_SEARCH_USER_PATHS = NO;
				CLANG_ANALYZER_NONNULL = YES;
				CLANG_ANALYZER_NUMBER_OBJECT_CONVERSION = YES_AGGRESSIVE;
				CLANG_CXX_LANGUAGE_STANDARD = "gnu++20";
				CLANG_ENABLE_MODULES = YES;
				CLANG_ENABLE_OBJC_ARC = YES;
				CLANG_ENABLE_OBJC_WEAK = YES;
				CLANG_WARN_BLOCK_CAPTURE_AUTORELEASING = YES;
				CLANG_WARN_BOOL_CONVERSION = YES;
				CLANG_WARN_COMMA = YES;
				CLANG_WARN_CONSTANT_CONVERSION = YES;
				CLANG_WARN_DEPRECATED_OBJC_IMPLEMENTATIONS = YES;
				CLANG_WARN_DIRECT_OBJC_ISA_USAGE = YES_ERROR;
				CLANG_WARN_DOCUMENTATION_COMMENTS = YES;
				CLANG_WARN_EMPTY_BODY = YES;
				CLANG_WARN_ENUM_CONVERSION = YES;
				CLANG_WARN_INFINITE_RECURSION = YES;
				CLANG_WARN_INT_CONVERSION = YES;
				CLANG_WARN_NON_LITERAL_NULL_CONVERSION = YES;
				CLANG_WARN_OBJC_IMPLICIT_RETAIN_SELF = YES;
				CLANG_WARN_OBJC_LITERAL_CONVERSION = YES;
				CLANG_WARN_OBJC_ROOT_CLASS = YES_ERROR;
				CLANG_WARN_QUOTED_INCLUDE_IN_FRAMEWORK_HEADER = YES;
				CLANG_WARN_RANGE_LOOP_ANALYSIS = YES;
				CLANG_WARN_STRICT_PROTOTYPES = YES;
				CLANG_WARN_SUSPICIOUS_MOVE = YES;
				CLANG_WARN_UNGUARDED_AVAILABILITY = YES_AGGRESSIVE;
				CLANG_WARN_UNREACHABLE_CODE = YES;
				CLANG_WARN__DUPLICATE_METHOD_MATCH = YES;
				COPY_PHASE_STRIP = NO;
				DEBUG_INFORMATION_FORMAT = dwarf;
				ENABLE_STRICT_OBJC_MSGSEND = YES;
				ENABLE_TESTABILITY = YES;
				GCC_C_LANGUAGE_STANDARD = gnu11;
				GCC_DYNAMIC_NO_PIC = NO;
				GCC_NO_COMMON_BLOCKS = YES;
				GCC_OPTIMIZATION_LEVEL = 0;
				GCC_PREPROCESSOR_DEFINITIONS = (
					"DEBUG=1",
					"$(inherited)",
				);
				GCC_WARN_64_TO_32_BIT_CONVERSION = YES;
				GCC_WARN_ABOUT_RETURN_TYPE = YES_ERROR;
				GCC_WARN_UNDECLARED_SELECTOR = YES;
				GCC_WARN_UNINITIALIZED_AUTOS = YES_AGGRESSIVE;
				GCC_WARN_UNUSED_FUNCTION = YES;
				GCC_WARN_UNUSED_VARIABLE = YES;
				IPHONEOS_DEPLOYMENT_TARGET = 16.0;
				MTL_ENABLE_DEBUG_INFO = INCLUDE_SOURCE;
				MTL_FAST_MATH = YES;
				ONLY_ACTIVE_ARCH = YES;
				SDKROOT = iphoneos;
				SWIFT_ACTIVE_COMPILATION_CONDITIONS = DEBUG;
				SWIFT_OPTIMIZATION_LEVEL = "-Onone";
			};
			name = Debug;
		};
		92005FEB29B1A49600586063 /* Release */ = {
			isa = XCBuildConfiguration;
			buildSettings = {
				ALWAYS_SEARCH_USER_PATHS = NO;
				CLANG_ANALYZER_NONNULL = YES;
				CLANG_ANALYZER_NUMBER_OBJECT_CONVERSION = YES_AGGRESSIVE;
				CLANG_CXX_LANGUAGE_STANDARD = "gnu++20";
				CLANG_ENABLE_MODULES = YES;
				CLANG_ENABLE_OBJC_ARC = YES;
				CLANG_ENABLE_OBJC_WEAK = YES;
				CLANG_WARN_BLOCK_CAPTURE_AUTORELEASING = YES;
				CLANG_WARN_BOOL_CONVERSION = YES;
				CLANG_WARN_COMMA = YES;
				CLANG_WARN_CONSTANT_CONVERSION = YES;
				CLANG_WARN_DEPRECATED_OBJC_IMPLEMENTATIONS = YES;
				CLANG_WARN_DIRECT_OBJC_ISA_USAGE = YES_ERROR;
				CLANG_WARN_DOCUMENTATION_COMMENTS = YES;
				CLANG_WARN_EMPTY_BODY = YES;
				CLANG_WARN_ENUM_CONVERSION = YES;
				CLANG_WARN_INFINITE_RECURSION = YES;
				CLANG_WARN_INT_CONVERSION = YES;
				CLANG_WARN_NON_LITERAL_NULL_CONVERSION = YES;
				CLANG_WARN_OBJC_IMPLICIT_RETAIN_SELF = YES;
				CLANG_WARN_OBJC_LITERAL_CONVERSION = YES;
				CLANG_WARN_OBJC_ROOT_CLASS = YES_ERROR;
				CLANG_WARN_QUOTED_INCLUDE_IN_FRAMEWORK_HEADER = YES;
				CLANG_WARN_RANGE_LOOP_ANALYSIS = YES;
				CLANG_WARN_STRICT_PROTOTYPES = YES;
				CLANG_WARN_SUSPICIOUS_MOVE = YES;
				CLANG_WARN_UNGUARDED_AVAILABILITY = YES_AGGRESSIVE;
				CLANG_WARN_UNREACHABLE_CODE = YES;
				CLANG_WARN__DUPLICATE_METHOD_MATCH = YES;
				COPY_PHASE_STRIP = NO;
				DEBUG_INFORMATION_FORMAT = "dwarf-with-dsym";
				ENABLE_NS_ASSERTIONS = NO;
				ENABLE_STRICT_OBJC_MSGSEND = YES;
				GCC_C_LANGUAGE_STANDARD = gnu11;
				GCC_NO_COMMON_BLOCKS = YES;
				GCC_WARN_64_TO_32_BIT_CONVERSION = YES;
				GCC_WARN_ABOUT_RETURN_TYPE = YES_ERROR;
				GCC_WARN_UNDECLARED_SELECTOR = YES;
				GCC_WARN_UNINITIALIZED_AUTOS = YES_AGGRESSIVE;
				GCC_WARN_UNUSED_FUNCTION = YES;
				GCC_WARN_UNUSED_VARIABLE = YES;
				IPHONEOS_DEPLOYMENT_TARGET = 16.0;
				MTL_ENABLE_DEBUG_INFO = NO;
				MTL_FAST_MATH = YES;
				SDKROOT = iphoneos;
				SWIFT_COMPILATION_MODE = wholemodule;
				SWIFT_OPTIMIZATION_LEVEL = "-O";
				VALIDATE_PRODUCT = YES;
			};
			name = Release;
		};
		92005FED29B1A49600586063 /* Debug */ = {
			isa = XCBuildConfiguration;
			buildSettings = {
				ASSETCATALOG_COMPILER_APPICON_NAME = AppIcon;
				ASSETCATALOG_COMPILER_GLOBAL_ACCENT_COLOR_NAME = AccentColor;
				CODE_SIGN_STYLE = Automatic;
				CURRENT_PROJECT_VERSION = 1;
				DEVELOPMENT_TEAM = U4YRB4XYPR;
				GENERATE_INFOPLIST_FILE = YES;
				INFOPLIST_FILE = WorkoutDone/Info.plist;
				INFOPLIST_KEY_NSCameraUsageDescription = "";
				INFOPLIST_KEY_UIApplicationSupportsIndirectInputEvents = YES;
				INFOPLIST_KEY_UILaunchStoryboardName = LaunchScreen;
				INFOPLIST_KEY_UIMainStoryboardFile = "";
				INFOPLIST_KEY_UISupportedInterfaceOrientations = UIInterfaceOrientationPortrait;
				INFOPLIST_KEY_UIUserInterfaceStyle = Light;
				IPHONEOS_DEPLOYMENT_TARGET = 16.0;
				LD_RUNPATH_SEARCH_PATHS = (
					"$(inherited)",
					"@executable_path/Frameworks",
				);
				MARKETING_VERSION = 1.0;
				PRODUCT_BUNDLE_IDENTIFIER = WorkoutDone.WorkoutDone;
				PRODUCT_NAME = "$(TARGET_NAME)";
				SWIFT_EMIT_LOC_STRINGS = YES;
				SWIFT_VERSION = 5.0;
				TARGETED_DEVICE_FAMILY = "1,2";
			};
			name = Debug;
		};
		92005FEE29B1A49600586063 /* Release */ = {
			isa = XCBuildConfiguration;
			buildSettings = {
				ASSETCATALOG_COMPILER_APPICON_NAME = AppIcon;
				ASSETCATALOG_COMPILER_GLOBAL_ACCENT_COLOR_NAME = AccentColor;
				CODE_SIGN_STYLE = Automatic;
				CURRENT_PROJECT_VERSION = 1;
				DEVELOPMENT_TEAM = U4YRB4XYPR;
				GENERATE_INFOPLIST_FILE = YES;
				INFOPLIST_FILE = WorkoutDone/Info.plist;
				INFOPLIST_KEY_NSCameraUsageDescription = "";
				INFOPLIST_KEY_UIApplicationSupportsIndirectInputEvents = YES;
				INFOPLIST_KEY_UILaunchStoryboardName = LaunchScreen;
				INFOPLIST_KEY_UIMainStoryboardFile = "";
				INFOPLIST_KEY_UISupportedInterfaceOrientations = UIInterfaceOrientationPortrait;
				INFOPLIST_KEY_UIUserInterfaceStyle = Light;
				IPHONEOS_DEPLOYMENT_TARGET = 16.0;
				LD_RUNPATH_SEARCH_PATHS = (
					"$(inherited)",
					"@executable_path/Frameworks",
				);
				MARKETING_VERSION = 1.0;
				PRODUCT_BUNDLE_IDENTIFIER = WorkoutDone.WorkoutDone;
				PRODUCT_NAME = "$(TARGET_NAME)";
				SWIFT_EMIT_LOC_STRINGS = YES;
				SWIFT_VERSION = 5.0;
				TARGETED_DEVICE_FAMILY = "1,2";
			};
			name = Release;
		};
		92005FF029B1A49600586063 /* Debug */ = {
			isa = XCBuildConfiguration;
			buildSettings = {
				ALWAYS_EMBED_SWIFT_STANDARD_LIBRARIES = YES;
				BUNDLE_LOADER = "$(TEST_HOST)";
				CODE_SIGN_STYLE = Automatic;
				CURRENT_PROJECT_VERSION = 1;
				GENERATE_INFOPLIST_FILE = YES;
				IPHONEOS_DEPLOYMENT_TARGET = 16.2;
				MARKETING_VERSION = 1.0;
				PRODUCT_BUNDLE_IDENTIFIER = WorkoutDone.WorkoutDoneTests;
				PRODUCT_NAME = "$(TARGET_NAME)";
				SWIFT_EMIT_LOC_STRINGS = NO;
				SWIFT_VERSION = 5.0;
				TARGETED_DEVICE_FAMILY = "1,2";
				TEST_HOST = "$(BUILT_PRODUCTS_DIR)/WorkoutDone.app/$(BUNDLE_EXECUTABLE_FOLDER_PATH)/WorkoutDone";
			};
			name = Debug;
		};
		92005FF129B1A49600586063 /* Release */ = {
			isa = XCBuildConfiguration;
			buildSettings = {
				ALWAYS_EMBED_SWIFT_STANDARD_LIBRARIES = YES;
				BUNDLE_LOADER = "$(TEST_HOST)";
				CODE_SIGN_STYLE = Automatic;
				CURRENT_PROJECT_VERSION = 1;
				GENERATE_INFOPLIST_FILE = YES;
				IPHONEOS_DEPLOYMENT_TARGET = 16.2;
				MARKETING_VERSION = 1.0;
				PRODUCT_BUNDLE_IDENTIFIER = WorkoutDone.WorkoutDoneTests;
				PRODUCT_NAME = "$(TARGET_NAME)";
				SWIFT_EMIT_LOC_STRINGS = NO;
				SWIFT_VERSION = 5.0;
				TARGETED_DEVICE_FAMILY = "1,2";
				TEST_HOST = "$(BUILT_PRODUCTS_DIR)/WorkoutDone.app/$(BUNDLE_EXECUTABLE_FOLDER_PATH)/WorkoutDone";
			};
			name = Release;
		};
		92005FF329B1A49600586063 /* Debug */ = {
			isa = XCBuildConfiguration;
			buildSettings = {
				ALWAYS_EMBED_SWIFT_STANDARD_LIBRARIES = YES;
				CODE_SIGN_STYLE = Automatic;
				CURRENT_PROJECT_VERSION = 1;
				GENERATE_INFOPLIST_FILE = YES;
				MARKETING_VERSION = 1.0;
				PRODUCT_BUNDLE_IDENTIFIER = WorkoutDone.WorkoutDoneUITests;
				PRODUCT_NAME = "$(TARGET_NAME)";
				SWIFT_EMIT_LOC_STRINGS = NO;
				SWIFT_VERSION = 5.0;
				TARGETED_DEVICE_FAMILY = "1,2";
				TEST_TARGET_NAME = WorkoutDone;
			};
			name = Debug;
		};
		92005FF429B1A49600586063 /* Release */ = {
			isa = XCBuildConfiguration;
			buildSettings = {
				ALWAYS_EMBED_SWIFT_STANDARD_LIBRARIES = YES;
				CODE_SIGN_STYLE = Automatic;
				CURRENT_PROJECT_VERSION = 1;
				GENERATE_INFOPLIST_FILE = YES;
				MARKETING_VERSION = 1.0;
				PRODUCT_BUNDLE_IDENTIFIER = WorkoutDone.WorkoutDoneUITests;
				PRODUCT_NAME = "$(TARGET_NAME)";
				SWIFT_EMIT_LOC_STRINGS = NO;
				SWIFT_VERSION = 5.0;
				TARGETED_DEVICE_FAMILY = "1,2";
				TEST_TARGET_NAME = WorkoutDone;
			};
			name = Release;
		};
/* End XCBuildConfiguration section */

/* Begin XCConfigurationList section */
		92005FBD29B1A49400586063 /* Build configuration list for PBXProject "WorkoutDone" */ = {
			isa = XCConfigurationList;
			buildConfigurations = (
				92005FEA29B1A49600586063 /* Debug */,
				92005FEB29B1A49600586063 /* Release */,
			);
			defaultConfigurationIsVisible = 0;
			defaultConfigurationName = Release;
		};
		92005FEC29B1A49600586063 /* Build configuration list for PBXNativeTarget "WorkoutDone" */ = {
			isa = XCConfigurationList;
			buildConfigurations = (
				92005FED29B1A49600586063 /* Debug */,
				92005FEE29B1A49600586063 /* Release */,
			);
			defaultConfigurationIsVisible = 0;
			defaultConfigurationName = Release;
		};
		92005FEF29B1A49600586063 /* Build configuration list for PBXNativeTarget "WorkoutDoneTests" */ = {
			isa = XCConfigurationList;
			buildConfigurations = (
				92005FF029B1A49600586063 /* Debug */,
				92005FF129B1A49600586063 /* Release */,
			);
			defaultConfigurationIsVisible = 0;
			defaultConfigurationName = Release;
		};
		92005FF229B1A49600586063 /* Build configuration list for PBXNativeTarget "WorkoutDoneUITests" */ = {
			isa = XCConfigurationList;
			buildConfigurations = (
				92005FF329B1A49600586063 /* Debug */,
				92005FF429B1A49600586063 /* Release */,
			);
			defaultConfigurationIsVisible = 0;
			defaultConfigurationName = Release;
		};
/* End XCConfigurationList section */

/* Begin XCRemoteSwiftPackageReference section */
		92005FF529B1A4C700586063 /* XCRemoteSwiftPackageReference "SnapKit" */ = {
			isa = XCRemoteSwiftPackageReference;
			repositoryURL = "https://github.com/SnapKit/SnapKit";
			requirement = {
				branch = develop;
				kind = branch;
			};
		};
		92005FF829B1A4D800586063 /* XCRemoteSwiftPackageReference "Then" */ = {
			isa = XCRemoteSwiftPackageReference;
			repositoryURL = "https://github.com/devxoul/Then";
			requirement = {
				branch = master;
				kind = branch;
			};
		};
		92005FFB29B1A51F00586063 /* XCRemoteSwiftPackageReference "RxSwift" */ = {
			isa = XCRemoteSwiftPackageReference;
			repositoryURL = "https://github.com/ReactiveX/RxSwift.git";
			requirement = {
				kind = upToNextMajorVersion;
				minimumVersion = 6.0.0;
			};
		};
		9200600229B1A53A00586063 /* XCRemoteSwiftPackageReference "DeviceKit" */ = {
			isa = XCRemoteSwiftPackageReference;
			repositoryURL = "https://github.com/devicekit/DeviceKit.git";
			requirement = {
				kind = upToNextMajorVersion;
				minimumVersion = 5.0.0;
			};
		};
		9200600529B1A55A00586063 /* XCRemoteSwiftPackageReference "realm-swift" */ = {
			isa = XCRemoteSwiftPackageReference;
			repositoryURL = "https://github.com/realm/realm-swift";
			requirement = {
				branch = master;
				kind = branch;
			};
		};
/* End XCRemoteSwiftPackageReference section */

/* Begin XCSwiftPackageProductDependency section */
		92005FF629B1A4C700586063 /* SnapKit */ = {
			isa = XCSwiftPackageProductDependency;
			package = 92005FF529B1A4C700586063 /* XCRemoteSwiftPackageReference "SnapKit" */;
			productName = SnapKit;
		};
		92005FF929B1A4D800586063 /* Then */ = {
			isa = XCSwiftPackageProductDependency;
			package = 92005FF829B1A4D800586063 /* XCRemoteSwiftPackageReference "Then" */;
			productName = Then;
		};
		92005FFC29B1A51F00586063 /* RxCocoa */ = {
			isa = XCSwiftPackageProductDependency;
			package = 92005FFB29B1A51F00586063 /* XCRemoteSwiftPackageReference "RxSwift" */;
			productName = RxCocoa;
		};
		92005FFE29B1A51F00586063 /* RxRelay */ = {
			isa = XCSwiftPackageProductDependency;
			package = 92005FFB29B1A51F00586063 /* XCRemoteSwiftPackageReference "RxSwift" */;
			productName = RxRelay;
		};
		9200600029B1A51F00586063 /* RxSwift */ = {
			isa = XCSwiftPackageProductDependency;
			package = 92005FFB29B1A51F00586063 /* XCRemoteSwiftPackageReference "RxSwift" */;
			productName = RxSwift;
		};
		9200600329B1A53A00586063 /* DeviceKit */ = {
			isa = XCSwiftPackageProductDependency;
			package = 9200600229B1A53A00586063 /* XCRemoteSwiftPackageReference "DeviceKit" */;
			productName = DeviceKit;
		};
		9200600629B1A55A00586063 /* Realm */ = {
			isa = XCSwiftPackageProductDependency;
			package = 9200600529B1A55A00586063 /* XCRemoteSwiftPackageReference "realm-swift" */;
			productName = Realm;
		};
		9200600829B1A55A00586063 /* RealmSwift */ = {
			isa = XCSwiftPackageProductDependency;
			package = 9200600529B1A55A00586063 /* XCRemoteSwiftPackageReference "realm-swift" */;
			productName = RealmSwift;
		};
/* End XCSwiftPackageProductDependency section */
	};
	rootObject = 92005FBA29B1A49400586063 /* Project object */;
}
